
Microsoft Visual Studio Solution File, Format Version 12.00
# Visual Studio Version 17
VisualStudioVersion = 17.2.32519.379
MinimumVisualStudioVersion = 10.0.40219.1
Project("{FAE04EC0-301F-11D3-BF4B-00C04F79EFBC}") = "AdventOfCode", "AdventOfCode\AdventOfCode.csproj", "{FA029BDE-34AC-47A8-BD1D-7255CFD8E89A}"
EndProject
Global
	GlobalSection(SolutionConfigurationPlatforms) = preSolution
		Debug|Any CPU = Debug|Any CPU
		Release|Any CPU = Release|Any CPU
	EndGlobalSection
	GlobalSection(ProjectConfigurationPlatforms) = postSolution
		{FA029BDE-34AC-47A8-BD1D-7255CFD8E89A}.Debug|Any CPU.ActiveCfg = Debug|Any CPU
		{FA029BDE-34AC-47A8-BD1D-7255CFD8E89A}.Debug|Any CPU.Build.0 = Debug|Any CPU
		{FA029BDE-34AC-47A8-BD1D-7255CFD8E89A}.Release|Any CPU.ActiveCfg = Release|Any CPU
		{FA029BDE-34AC-47A8-BD1D-7255CFD8E89A}.Release|Any CPU.Build.0 = Release|Any CPU
	EndGlobalSection
	GlobalSection(SolutionProperties) = preSolution
		HideSolutionNode = FALSE
	EndGlobalSection
	GlobalSection(ExtensibilityGlobals) = postSolution
		SolutionGuid = {6D93579D-406F-492E-8E4C-C954B1DE1A68}
	EndGlobalSection
EndGlobal
